
Microsoft Visual Studio Solution File, Format Version 12.00
# Visual Studio 15
VisualStudioVersion = 15.0.27004.2005
MinimumVisualStudioVersion = 10.0.40219.1
Project("{FAE04EC0-301F-11D3-BF4B-00C04F79EFBC}") = "MigrationsDemo", "MigrationsDemo\MigrationsDemo.csproj", "{6DFAE7B0-8621-4CB9-9D6A-6354BE5D3D54}"
EndProject
Global
	GlobalSection(SolutionConfigurationPlatforms) = preSolution
		Debug|Any CPU = Debug|Any CPU
		Release|Any CPU = Release|Any CPU
	EndGlobalSection
	GlobalSection(ProjectConfigurationPlatforms) = postSolution
		{6DFAE7B0-8621-4CB9-9D6A-6354BE5D3D54}.Debug|Any CPU.ActiveCfg = Debug|Any CPU
		{6DFAE7B0-8621-4CB9-9D6A-6354BE5D3D54}.Debug|Any CPU.Build.0 = Debug|Any CPU
		{6DFAE7B0-8621-4CB9-9D6A-6354BE5D3D54}.Release|Any CPU.ActiveCfg = Release|Any CPU
		{6DFAE7B0-8621-4CB9-9D6A-6354BE5D3D54}.Release|Any CPU.Build.0 = Release|Any CPU
	EndGlobalSection
	GlobalSection(SolutionProperties) = preSolution
		HideSolutionNode = FALSE
	EndGlobalSection
	GlobalSection(ExtensibilityGlobals) = postSolution
		SolutionGuid = {A53A87F0-7B58-4532-BD3F-653321382A90}
	EndGlobalSection
EndGlobal
