
Microsoft Visual Studio Solution File, Format Version 12.00
# Visual Studio 15
VisualStudioVersion = 15.0.27004.2005
MinimumVisualStudioVersion = 10.0.40219.1
Project("{FAE04EC0-301F-11D3-BF4B-00C04F79EFBC}") = "EFBookService", "EFBookService\EFBookService.csproj", "{2EFC3F08-5875-422D-B7BE-592E253EEA0D}"
EndProject
Global
	GlobalSection(SolutionConfigurationPlatforms) = preSolution
		Debug|Any CPU = Debug|Any CPU
		Release|Any CPU = Release|Any CPU
	EndGlobalSection
	GlobalSection(ProjectConfigurationPlatforms) = postSolution
		{2EFC3F08-5875-422D-B7BE-592E253EEA0D}.Debug|Any CPU.ActiveCfg = Debug|Any CPU
		{2EFC3F08-5875-422D-B7BE-592E253EEA0D}.Debug|Any CPU.Build.0 = Debug|Any CPU
		{2EFC3F08-5875-422D-B7BE-592E253EEA0D}.Release|Any CPU.ActiveCfg = Release|Any CPU
		{2EFC3F08-5875-422D-B7BE-592E253EEA0D}.Release|Any CPU.Build.0 = Release|Any CPU
	EndGlobalSection
	GlobalSection(SolutionProperties) = preSolution
		HideSolutionNode = FALSE
	EndGlobalSection
	GlobalSection(ExtensibilityGlobals) = postSolution
		SolutionGuid = {35411F9D-22F5-4387-8B5B-C14CD6B26E4C}
	EndGlobalSection
EndGlobal
