
Microsoft Visual Studio Solution File, Format Version 12.00
# Visual Studio 15
VisualStudioVersion = 15.0.27004.2005
MinimumVisualStudioVersion = 10.0.40219.1
Project("{FAE04EC0-301F-11D3-BF4B-00C04F79EFBC}") = "MediacorpSpellingGame-Server", "MediacorpSpellingGame-Server\MediacorpSpellingGame-Server.csproj", "{3CE3BE42-024D-4ACB-8E77-8AFC9D94FC45}"
EndProject
Project("{FAE04EC0-301F-11D3-BF4B-00C04F79EFBC}") = "UnitTestProject", "UnitTestProject\UnitTestProject.csproj", "{8E2686E8-3FDE-424F-B61F-DDDB76121793}"
EndProject
Global
	GlobalSection(SolutionConfigurationPlatforms) = preSolution
		Debug|Any CPU = Debug|Any CPU
		Release|Any CPU = Release|Any CPU
	EndGlobalSection
	GlobalSection(ProjectConfigurationPlatforms) = postSolution
		{3CE3BE42-024D-4ACB-8E77-8AFC9D94FC45}.Debug|Any CPU.ActiveCfg = Debug|Any CPU
		{3CE3BE42-024D-4ACB-8E77-8AFC9D94FC45}.Debug|Any CPU.Build.0 = Debug|Any CPU
		{3CE3BE42-024D-4ACB-8E77-8AFC9D94FC45}.Release|Any CPU.ActiveCfg = Release|Any CPU
		{3CE3BE42-024D-4ACB-8E77-8AFC9D94FC45}.Release|Any CPU.Build.0 = Release|Any CPU
		{8E2686E8-3FDE-424F-B61F-DDDB76121793}.Debug|Any CPU.ActiveCfg = Debug|Any CPU
		{8E2686E8-3FDE-424F-B61F-DDDB76121793}.Debug|Any CPU.Build.0 = Debug|Any CPU
		{8E2686E8-3FDE-424F-B61F-DDDB76121793}.Release|Any CPU.ActiveCfg = Release|Any CPU
		{8E2686E8-3FDE-424F-B61F-DDDB76121793}.Release|Any CPU.Build.0 = Release|Any CPU
	EndGlobalSection
	GlobalSection(SolutionProperties) = preSolution
		HideSolutionNode = FALSE
	EndGlobalSection
	GlobalSection(ExtensibilityGlobals) = postSolution
		SolutionGuid = {101AD1BE-72F1-4EAC-8FC8-7E7EFCAC2757}
	EndGlobalSection
EndGlobal
